// !$*UTF8*$!
{
	archiveVersion = 1;
	classes = {
	};
	objectVersion = 50;
	objects = {

/* Begin PBXBuildFile section */
		002242F325E525F40023C76C /* AppDelegate.swift in Sources */ = {isa = PBXBuildFile; fileRef = 002242F225E525F40023C76C /* AppDelegate.swift */; };
		002242F825E525F40023C76C /* Main.storyboard in Resources */ = {isa = PBXBuildFile; fileRef = 002242F625E525F40023C76C /* Main.storyboard */; };
		002242FA25E526000023C76C /* Assets.xcassets in Resources */ = {isa = PBXBuildFile; fileRef = 002242F925E526000023C76C /* Assets.xcassets */; };
		002242FD25E526000023C76C /* LaunchScreen.storyboard in Resources */ = {isa = PBXBuildFile; fileRef = 002242FB25E526000023C76C /* LaunchScreen.storyboard */; };
		0022430825E526000023C76C /* MultipleCollectionViewOnSingleXibTests.swift in Sources */ = {isa = PBXBuildFile; fileRef = 0022430725E526000023C76C /* MultipleCollectionViewOnSingleXibTests.swift */; };
		0022431325E526000023C76C /* MultipleCollectionViewOnSingleXibUITests.swift in Sources */ = {isa = PBXBuildFile; fileRef = 0022431225E526000023C76C /* MultipleCollectionViewOnSingleXibUITests.swift */; };
		00B5051A25E52993008F991A /* OffersCollectionViewCell.xib in Resources */ = {isa = PBXBuildFile; fileRef = 00B5051825E52993008F991A /* OffersCollectionViewCell.xib */; };
		00B5051B25E52993008F991A /* OffersCollectionViewCell.swift in Sources */ = {isa = PBXBuildFile; fileRef = 00B5051925E52993008F991A /* OffersCollectionViewCell.swift */; };
		00B5051D25E529BF008F991A /* OffresViewController.swift in Sources */ = {isa = PBXBuildFile; fileRef = 00B5051C25E529BF008F991A /* OffresViewController.swift */; };
		00B5051F25E52B8B008F991A /* ChildrenListViewController.swift in Sources */ = {isa = PBXBuildFile; fileRef = 00B5051E25E52B8B008F991A /* ChildrenListViewController.swift */; };
/* End PBXBuildFile section */

/* Begin PBXContainerItemProxy section */
		0022430425E526000023C76C /* PBXContainerItemProxy */ = {
			isa = PBXContainerItemProxy;
			containerPortal = 002242E725E525F30023C76C /* Project object */;
			proxyType = 1;
			remoteGlobalIDString = 002242EE25E525F40023C76C;
			remoteInfo = MultipleCollectionViewOnSingleXib;
		};
		0022430F25E526000023C76C /* PBXContainerItemProxy */ = {
			isa = PBXContainerItemProxy;
			containerPortal = 002242E725E525F30023C76C /* Project object */;
			proxyType = 1;
			remoteGlobalIDString = 002242EE25E525F40023C76C;
			remoteInfo = MultipleCollectionViewOnSingleXib;
		};
/* End PBXContainerItemProxy section */

/* Begin PBXFileReference section */
		002242EF25E525F40023C76C /* MultipleCollectionViewOnSingleXib.app */ = {isa = PBXFileReference; explicitFileType = wrapper.application; includeInIndex = 0; path = MultipleCollectionViewOnSingleXib.app; sourceTree = BUILT_PRODUCTS_DIR; };
		002242F225E525F40023C76C /* AppDelegate.swift */ = {isa = PBXFileReference; lastKnownFileType = sourcecode.swift; path = AppDelegate.swift; sourceTree = "<group>"; };
		002242F725E525F40023C76C /* Base */ = {isa = PBXFileReference; lastKnownFileType = file.storyboard; name = Base; path = Base.lproj/Main.storyboard; sourceTree = "<group>"; };
		002242F925E526000023C76C /* Assets.xcassets */ = {isa = PBXFileReference; lastKnownFileType = folder.assetcatalog; path = Assets.xcassets; sourceTree = "<group>"; };
		002242FC25E526000023C76C /* Base */ = {isa = PBXFileReference; lastKnownFileType = file.storyboard; name = Base; path = Base.lproj/LaunchScreen.storyboard; sourceTree = "<group>"; };
		002242FE25E526000023C76C /* Info.plist */ = {isa = PBXFileReference; lastKnownFileType = text.plist.xml; path = Info.plist; sourceTree = "<group>"; };
		0022430325E526000023C76C /* MultipleCollectionViewOnSingleXibTests.xctest */ = {isa = PBXFileReference; explicitFileType = wrapper.cfbundle; includeInIndex = 0; path = MultipleCollectionViewOnSingleXibTests.xctest; sourceTree = BUILT_PRODUCTS_DIR; };
		0022430725E526000023C76C /* MultipleCollectionViewOnSingleXibTests.swift */ = {isa = PBXFileReference; lastKnownFileType = sourcecode.swift; path = MultipleCollectionViewOnSingleXibTests.swift; sourceTree = "<group>"; };
		0022430925E526000023C76C /* Info.plist */ = {isa = PBXFileReference; lastKnownFileType = text.plist.xml; path = Info.plist; sourceTree = "<group>"; };
		0022430E25E526000023C76C /* MultipleCollectionViewOnSingleXibUITests.xctest */ = {isa = PBXFileReference; explicitFileType = wrapper.cfbundle; includeInIndex = 0; path = MultipleCollectionViewOnSingleXibUITests.xctest; sourceTree = BUILT_PRODUCTS_DIR; };
		0022431225E526000023C76C /* MultipleCollectionViewOnSingleXibUITests.swift */ = {isa = PBXFileReference; lastKnownFileType = sourcecode.swift; path = MultipleCollectionViewOnSingleXibUITests.swift; sourceTree = "<group>"; };
		0022431425E526000023C76C /* Info.plist */ = {isa = PBXFileReference; lastKnownFileType = text.plist.xml; path = Info.plist; sourceTree = "<group>"; };
		00B5051825E52993008F991A /* OffersCollectionViewCell.xib */ = {isa = PBXFileReference; fileEncoding = 4; lastKnownFileType = file.xib; path = OffersCollectionViewCell.xib; sourceTree = "<group>"; };
		00B5051925E52993008F991A /* OffersCollectionViewCell.swift */ = {isa = PBXFileReference; fileEncoding = 4; lastKnownFileType = sourcecode.swift; path = OffersCollectionViewCell.swift; sourceTree = "<group>"; };
		00B5051C25E529BF008F991A /* OffresViewController.swift */ = {isa = PBXFileReference; fileEncoding = 4; lastKnownFileType = sourcecode.swift; path = OffresViewController.swift; sourceTree = "<group>"; };
		00B5051E25E52B8B008F991A /* ChildrenListViewController.swift */ = {isa = PBXFileReference; fileEncoding = 4; lastKnownFileType = sourcecode.swift; path = ChildrenListViewController.swift; sourceTree = "<group>"; };
/* End PBXFileReference section */

/* Begin PBXFrameworksBuildPhase section */
		002242EC25E525F40023C76C /* Frameworks */ = {
			isa = PBXFrameworksBuildPhase;
			buildActionMask = 2147483647;
			files = (
			);
			runOnlyForDeploymentPostprocessing = 0;
		};
		0022430025E526000023C76C /* Frameworks */ = {
			isa = PBXFrameworksBuildPhase;
			buildActionMask = 2147483647;
			files = (
			);
			runOnlyForDeploymentPostprocessing = 0;
		};
		0022430B25E526000023C76C /* Frameworks */ = {
			isa = PBXFrameworksBuildPhase;
			buildActionMask = 2147483647;
			files = (
			);
			runOnlyForDeploymentPostprocessing = 0;
		};
/* End PBXFrameworksBuildPhase section */

/* Begin PBXGroup section */
		002242E625E525F30023C76C = {
			isa = PBXGroup;
			children = (
				002242F125E525F40023C76C /* MultipleCollectionViewOnSingleXib */,
				0022430625E526000023C76C /* MultipleCollectionViewOnSingleXibTests */,
				0022431125E526000023C76C /* MultipleCollectionViewOnSingleXibUITests */,
				002242F025E525F40023C76C /* Products */,
			);
			sourceTree = "<group>";
		};
		002242F025E525F40023C76C /* Products */ = {
			isa = PBXGroup;
			children = (
				002242EF25E525F40023C76C /* MultipleCollectionViewOnSingleXib.app */,
				0022430325E526000023C76C /* MultipleCollectionViewOnSingleXibTests.xctest */,
				0022430E25E526000023C76C /* MultipleCollectionViewOnSingleXibUITests.xctest */,
			);
			name = Products;
			sourceTree = "<group>";
		};
		002242F125E525F40023C76C /* MultipleCollectionViewOnSingleXib */ = {
			isa = PBXGroup;
			children = (
				002242F225E525F40023C76C /* AppDelegate.swift */,
				00B5051C25E529BF008F991A /* OffresViewController.swift */,
				00B5051E25E52B8B008F991A /* ChildrenListViewController.swift */,
				00B5051925E52993008F991A /* OffersCollectionViewCell.swift */,
				002242F625E525F40023C76C /* Main.storyboard */,
				00B5051825E52993008F991A /* OffersCollectionViewCell.xib */,
				002242F925E526000023C76C /* Assets.xcassets */,
				002242FB25E526000023C76C /* LaunchScreen.storyboard */,
				002242FE25E526000023C76C /* Info.plist */,
			);
			path = MultipleCollectionViewOnSingleXib;
			sourceTree = "<group>";
		};
		0022430625E526000023C76C /* MultipleCollectionViewOnSingleXibTests */ = {
			isa = PBXGroup;
			children = (
				0022430725E526000023C76C /* MultipleCollectionViewOnSingleXibTests.swift */,
				0022430925E526000023C76C /* Info.plist */,
			);
			path = MultipleCollectionViewOnSingleXibTests;
			sourceTree = "<group>";
		};
		0022431125E526000023C76C /* MultipleCollectionViewOnSingleXibUITests */ = {
			isa = PBXGroup;
			children = (
				0022431225E526000023C76C /* MultipleCollectionViewOnSingleXibUITests.swift */,
				0022431425E526000023C76C /* Info.plist */,
			);
			path = MultipleCollectionViewOnSingleXibUITests;
			sourceTree = "<group>";
		};
/* End PBXGroup section */

/* Begin PBXNativeTarget section */
		002242EE25E525F40023C76C /* MultipleCollectionViewOnSingleXib */ = {
			isa = PBXNativeTarget;
			buildConfigurationList = 0022431725E526000023C76C /* Build configuration list for PBXNativeTarget "MultipleCollectionViewOnSingleXib" */;
			buildPhases = (
				002242EB25E525F40023C76C /* Sources */,
				002242EC25E525F40023C76C /* Frameworks */,
				002242ED25E525F40023C76C /* Resources */,
			);
			buildRules = (
			);
			dependencies = (
			);
			name = MultipleCollectionViewOnSingleXib;
			productName = MultipleCollectionViewOnSingleXib;
			productReference = 002242EF25E525F40023C76C /* MultipleCollectionViewOnSingleXib.app */;
			productType = "com.apple.product-type.application";
		};
		0022430225E526000023C76C /* MultipleCollectionViewOnSingleXibTests */ = {
			isa = PBXNativeTarget;
			buildConfigurationList = 0022431A25E526000023C76C /* Build configuration list for PBXNativeTarget "MultipleCollectionViewOnSingleXibTests" */;
			buildPhases = (
				002242FF25E526000023C76C /* Sources */,
				0022430025E526000023C76C /* Frameworks */,
				0022430125E526000023C76C /* Resources */,
			);
			buildRules = (
			);
			dependencies = (
				0022430525E526000023C76C /* PBXTargetDependency */,
			);
			name = MultipleCollectionViewOnSingleXibTests;
			productName = MultipleCollectionViewOnSingleXibTests;
			productReference = 0022430325E526000023C76C /* MultipleCollectionViewOnSingleXibTests.xctest */;
			productType = "com.apple.product-type.bundle.unit-test";
		};
		0022430D25E526000023C76C /* MultipleCollectionViewOnSingleXibUITests */ = {
			isa = PBXNativeTarget;
			buildConfigurationList = 0022431D25E526000023C76C /* Build configuration list for PBXNativeTarget "MultipleCollectionViewOnSingleXibUITests" */;
			buildPhases = (
				0022430A25E526000023C76C /* Sources */,
				0022430B25E526000023C76C /* Frameworks */,
				0022430C25E526000023C76C /* Resources */,
			);
			buildRules = (
			);
			dependencies = (
				0022431025E526000023C76C /* PBXTargetDependency */,
			);
			name = MultipleCollectionViewOnSingleXibUITests;
			productName = MultipleCollectionViewOnSingleXibUITests;
			productReference = 0022430E25E526000023C76C /* MultipleCollectionViewOnSingleXibUITests.xctest */;
			productType = "com.apple.product-type.bundle.ui-testing";
		};
/* End PBXNativeTarget section */

/* Begin PBXProject section */
		002242E725E525F30023C76C /* Project object */ = {
			isa = PBXProject;
			attributes = {
				LastSwiftUpdateCheck = 1010;
				LastUpgradeCheck = 1010;
				ORGANIZATIONNAME = a;
				TargetAttributes = {
					002242EE25E525F40023C76C = {
						CreatedOnToolsVersion = 10.1;
					};
					0022430225E526000023C76C = {
						CreatedOnToolsVersion = 10.1;
						TestTargetID = 002242EE25E525F40023C76C;
					};
					0022430D25E526000023C76C = {
						CreatedOnToolsVersion = 10.1;
						TestTargetID = 002242EE25E525F40023C76C;
					};
				};
			};
			buildConfigurationList = 002242EA25E525F30023C76C /* Build configuration list for PBXProject "MultipleCollectionViewOnSingleXib" */;
			compatibilityVersion = "Xcode 9.3";
			developmentRegion = en;
			hasScannedForEncodings = 0;
			knownRegions = (
				en,
				Base,
			);
			mainGroup = 002242E625E525F30023C76C;
			productRefGroup = 002242F025E525F40023C76C /* Products */;
			projectDirPath = "";
			projectRoot = "";
			targets = (
				002242EE25E525F40023C76C /* MultipleCollectionViewOnSingleXib */,
				0022430225E526000023C76C /* MultipleCollectionViewOnSingleXibTests */,
				0022430D25E526000023C76C /* MultipleCollectionViewOnSingleXibUITests */,
			);
		};
/* End PBXProject section */

/* Begin PBXResourcesBuildPhase section */
		002242ED25E525F40023C76C /* Resources */ = {
			isa = PBXResourcesBuildPhase;
			buildActionMask = 2147483647;
			files = (
				002242FD25E526000023C76C /* LaunchScreen.storyboard in Resources */,
				00B5051A25E52993008F991A /* OffersCollectionViewCell.xib in Resources */,
				002242FA25E526000023C76C /* Assets.xcassets in Resources */,
				002242F825E525F40023C76C /* Main.storyboard in Resources */,
			);
			runOnlyForDeploymentPostprocessing = 0;
		};
		0022430125E526000023C76C /* Resources */ = {
			isa = PBXResourcesBuildPhase;
			buildActionMask = 2147483647;
			files = (
			);
			runOnlyForDeploymentPostprocessing = 0;
		};
		0022430C25E526000023C76C /* Resources */ = {
			isa = PBXResourcesBuildPhase;
			buildActionMask = 2147483647;
			files = (
			);
			runOnlyForDeploymentPostprocessing = 0;
		};
/* End PBXResourcesBuildPhase section */

/* Begin PBXSourcesBuildPhase section */
		002242EB25E525F40023C76C /* Sources */ = {
			isa = PBXSourcesBuildPhase;
			buildActionMask = 2147483647;
			files = (
				00B5051D25E529BF008F991A /* OffresViewController.swift in Sources */,
				002242F325E525F40023C76C /* AppDelegate.swift in Sources */,
				00B5051F25E52B8B008F991A /* ChildrenListViewController.swift in Sources */,
				00B5051B25E52993008F991A /* OffersCollectionViewCell.swift in Sources */,
			);
			runOnlyForDeploymentPostprocessing = 0;
		};
		002242FF25E526000023C76C /* Sources */ = {
			isa = PBXSourcesBuildPhase;
			buildActionMask = 2147483647;
			files = (
				0022430825E526000023C76C /* MultipleCollectionViewOnSingleXibTests.swift in Sources */,
			);
			runOnlyForDeploymentPostprocessing = 0;
		};
		0022430A25E526000023C76C /* Sources */ = {
			isa = PBXSourcesBuildPhase;
			buildActionMask = 2147483647;
			files = (
				0022431325E526000023C76C /* MultipleCollectionViewOnSingleXibUITests.swift in Sources */,
			);
			runOnlyForDeploymentPostprocessing = 0;
		};
/* End PBXSourcesBuildPhase section */

/* Begin PBXTargetDependency section */
		0022430525E526000023C76C /* PBXTargetDependency */ = {
			isa = PBXTargetDependency;
			target = 002242EE25E525F40023C76C /* MultipleCollectionViewOnSingleXib */;
			targetProxy = 0022430425E526000023C76C /* PBXContainerItemProxy */;
		};
		0022431025E526000023C76C /* PBXTargetDependency */ = {
			isa = PBXTargetDependency;
			target = 002242EE25E525F40023C76C /* MultipleCollectionViewOnSingleXib */;
			targetProxy = 0022430F25E526000023C76C /* PBXContainerItemProxy */;
		};
/* End PBXTargetDependency section */

/* Begin PBXVariantGroup section */
		002242F625E525F40023C76C /* Main.storyboard */ = {
			isa = PBXVariantGroup;
			children = (
				002242F725E525F40023C76C /* Base */,
			);
			name = Main.storyboard;
			sourceTree = "<group>";
		};
		002242FB25E526000023C76C /* LaunchScreen.storyboard */ = {
			isa = PBXVariantGroup;
			children = (
				002242FC25E526000023C76C /* Base */,
			);
			name = LaunchScreen.storyboard;
			sourceTree = "<group>";
		};
/* End PBXVariantGroup section */

/* Begin XCBuildConfiguration section */
		0022431525E526000023C76C /* Debug */ = {
			isa = XCBuildConfiguration;
			buildSettings = {
				ALWAYS_SEARCH_USER_PATHS = NO;
				CLANG_ANALYZER_NONNULL = YES;
				CLANG_ANALYZER_NUMBER_OBJECT_CONVERSION = YES_AGGRESSIVE;
				CLANG_CXX_LANGUAGE_STANDARD = "gnu++14";
				CLANG_CXX_LIBRARY = "libc++";
				CLANG_ENABLE_MODULES = YES;
				CLANG_ENABLE_OBJC_ARC = YES;
				CLANG_ENABLE_OBJC_WEAK = YES;
				CLANG_WARN_BLOCK_CAPTURE_AUTORELEASING = YES;
				CLANG_WARN_BOOL_CONVERSION = YES;
				CLANG_WARN_COMMA = YES;
				CLANG_WARN_CONSTANT_CONVERSION = YES;
				CLANG_WARN_DEPRECATED_OBJC_IMPLEMENTATIONS = YES;
				CLANG_WARN_DIRECT_OBJC_ISA_USAGE = YES_ERROR;
				CLANG_WARN_DOCUMENTATION_COMMENTS = YES;
				CLANG_WARN_EMPTY_BODY = YES;
				CLANG_WARN_ENUM_CONVERSION = YES;
				CLANG_WARN_INFINITE_RECURSION = YES;
				CLANG_WARN_INT_CONVERSION = YES;
				CLANG_WARN_NON_LITERAL_NULL_CONVERSION = YES;
				CLANG_WARN_OBJC_IMPLICIT_RETAIN_SELF = YES;
				CLANG_WARN_OBJC_LITERAL_CONVERSION = YES;
				CLANG_WARN_OBJC_ROOT_CLASS = YES_ERROR;
				CLANG_WARN_RANGE_LOOP_ANALYSIS = YES;
				CLANG_WARN_STRICT_PROTOTYPES = YES;
				CLANG_WARN_SUSPICIOUS_MOVE = YES;
				CLANG_WARN_UNGUARDED_AVAILABILITY = YES_AGGRESSIVE;
				CLANG_WARN_UNREACHABLE_CODE = YES;
				CLANG_WARN__DUPLICATE_METHOD_MATCH = YES;
				CODE_SIGN_IDENTITY = "iPhone Developer";
				COPY_PHASE_STRIP = NO;
				DEBUG_INFORMATION_FORMAT = dwarf;
				ENABLE_STRICT_OBJC_MSGSEND = YES;
				ENABLE_TESTABILITY = YES;
				GCC_C_LANGUAGE_STANDARD = gnu11;
				GCC_DYNAMIC_NO_PIC = NO;
				GCC_NO_COMMON_BLOCKS = YES;
				GCC_OPTIMIZATION_LEVEL = 0;
				GCC_PREPROCESSOR_DEFINITIONS = (
					"DEBUG=1",
					"$(inherited)",
				);
				GCC_WARN_64_TO_32_BIT_CONVERSION = YES;
				GCC_WARN_ABOUT_RETURN_TYPE = YES_ERROR;
				GCC_WARN_UNDECLARED_SELECTOR = YES;
				GCC_WARN_UNINITIALIZED_AUTOS = YES_AGGRESSIVE;
				GCC_WARN_UNUSED_FUNCTION = YES;
				GCC_WARN_UNUSED_VARIABLE = YES;
				IPHONEOS_DEPLOYMENT_TARGET = 12.1;
				MTL_ENABLE_DEBUG_INFO = INCLUDE_SOURCE;
				MTL_FAST_MATH = YES;
				ONLY_ACTIVE_ARCH = YES;
				SDKROOT = iphoneos;
				SWIFT_ACTIVE_COMPILATION_CONDITIONS = DEBUG;
				SWIFT_OPTIMIZATION_LEVEL = "-Onone";
			};
			name = Debug;
		};
		0022431625E526000023C76C /* Release */ = {
			isa = XCBuildConfiguration;
			buildSettings = {
				ALWAYS_SEARCH_USER_PATHS = NO;
				CLANG_ANALYZER_NONNULL = YES;
				CLANG_ANALYZER_NUMBER_OBJECT_CONVERSION = YES_AGGRESSIVE;
				CLANG_CXX_LANGUAGE_STANDARD = "gnu++14";
				CLANG_CXX_LIBRARY = "libc++";
				CLANG_ENABLE_MODULES = YES;
				CLANG_ENABLE_OBJC_ARC = YES;
				CLANG_ENABLE_OBJC_WEAK = YES;
				CLANG_WARN_BLOCK_CAPTURE_AUTORELEASING = YES;
				CLANG_WARN_BOOL_CONVERSION = YES;
				CLANG_WARN_COMMA = YES;
				CLANG_WARN_CONSTANT_CONVERSION = YES;
				CLANG_WARN_DEPRECATED_OBJC_IMPLEMENTATIONS = YES;
				CLANG_WARN_DIRECT_OBJC_ISA_USAGE = YES_ERROR;
				CLANG_WARN_DOCUMENTATION_COMMENTS = YES;
				CLANG_WARN_EMPTY_BODY = YES;
				CLANG_WARN_ENUM_CONVERSION = YES;
				CLANG_WARN_INFINITE_RECURSION = YES;
				CLANG_WARN_INT_CONVERSION = YES;
				CLANG_WARN_NON_LITERAL_NULL_CONVERSION = YES;
				CLANG_WARN_OBJC_IMPLICIT_RETAIN_SELF = YES;
				CLANG_WARN_OBJC_LITERAL_CONVERSION = YES;
				CLANG_WARN_OBJC_ROOT_CLASS = YES_ERROR;
				CLANG_WARN_RANGE_LOOP_ANALYSIS = YES;
				CLANG_WARN_STRICT_PROTOTYPES = YES;
				CLANG_WARN_SUSPICIOUS_MOVE = YES;
				CLANG_WARN_UNGUARDED_AVAILABILITY = YES_AGGRESSIVE;
				CLANG_WARN_UNREACHABLE_CODE = YES;
				CLANG_WARN__DUPLICATE_METHOD_MATCH = YES;
				CODE_SIGN_IDENTITY = "iPhone Developer";
				COPY_PHASE_STRIP = NO;
				DEBUG_INFORMATION_FORMAT = "dwarf-with-dsym";
				ENABLE_NS_ASSERTIONS = NO;
				ENABLE_STRICT_OBJC_MSGSEND = YES;
				GCC_C_LANGUAGE_STANDARD = gnu11;
				GCC_NO_COMMON_BLOCKS = YES;
				GCC_WARN_64_TO_32_BIT_CONVERSION = YES;
				GCC_WARN_ABOUT_RETURN_TYPE = YES_ERROR;
				GCC_WARN_UNDECLARED_SELECTOR = YES;
				GCC_WARN_UNINITIALIZED_AUTOS = YES_AGGRESSIVE;
				GCC_WARN_UNUSED_FUNCTION = YES;
				GCC_WARN_UNUSED_VARIABLE = YES;
				IPHONEOS_DEPLOYMENT_TARGET = 12.1;
				MTL_ENABLE_DEBUG_INFO = NO;
				MTL_FAST_MATH = YES;
				SDKROOT = iphoneos;
				SWIFT_COMPILATION_MODE = wholemodule;
				SWIFT_OPTIMIZATION_LEVEL = "-O";
				VALIDATE_PRODUCT = YES;
			};
			name = Release;
		};
		0022431825E526000023C76C /* Debug */ = {
			isa = XCBuildConfiguration;
			buildSettings = {
				ASSETCATALOG_COMPILER_APPICON_NAME = AppIcon;
				CODE_SIGN_STYLE = Automatic;
				INFOPLIST_FILE = MultipleCollectionViewOnSingleXib/Info.plist;
				LD_RUNPATH_SEARCH_PATHS = (
					"$(inherited)",
					"@executable_path/Frameworks",
				);
				PRODUCT_BUNDLE_IDENTIFIER = test.MultipleCollectionViewOnSingleXib;
				PRODUCT_NAME = "$(TARGET_NAME)";
				SWIFT_VERSION = 4.2;
				TARGETED_DEVICE_FAMILY = "1,2";
			};
			name = Debug;
		};
		0022431925E526000023C76C /* Release */ = {
			isa = XCBuildConfiguration;
			buildSettings = {
				ASSETCATALOG_COMPILER_APPICON_NAME = AppIcon;
				CODE_SIGN_STYLE = Automatic;
				INFOPLIST_FILE = MultipleCollectionViewOnSingleXib/Info.plist;
				LD_RUNPATH_SEARCH_PATHS = (
					"$(inherited)",
					"@executable_path/Frameworks",
				);
				PRODUCT_BUNDLE_IDENTIFIER = test.MultipleCollectionViewOnSingleXib;
				PRODUCT_NAME = "$(TARGET_NAME)";
				SWIFT_VERSION = 4.2;
				TARGETED_DEVICE_FAMILY = "1,2";
			};
			name = Release;
		};
		0022431B25E526000023C76C /* Debug */ = {
			isa = XCBuildConfiguration;
			buildSettings = {
				ALWAYS_EMBED_SWIFT_STANDARD_LIBRARIES = YES;
				BUNDLE_LOADER = "$(TEST_HOST)";
				CODE_SIGN_STYLE = Automatic;
				INFOPLIST_FILE = MultipleCollectionViewOnSingleXibTests/Info.plist;
				LD_RUNPATH_SEARCH_PATHS = (
					"$(inherited)",
					"@executable_path/Frameworks",
					"@loader_path/Frameworks",
				);
				PRODUCT_BUNDLE_IDENTIFIER = test.MultipleCollectionViewOnSingleXibTests;
				PRODUCT_NAME = "$(TARGET_NAME)";
				SWIFT_VERSION = 4.2;
				TARGETED_DEVICE_FAMILY = "1,2";
				TEST_HOST = "$(BUILT_PRODUCTS_DIR)/MultipleCollectionViewOnSingleXib.app/MultipleCollectionViewOnSingleXib";
			};
			name = Debug;
		};
		0022431C25E526000023C76C /* Release */ = {
			isa = XCBuildConfiguration;
			buildSettings = {
				ALWAYS_EMBED_SWIFT_STANDARD_LIBRARIES = YES;
				BUNDLE_LOADER = "$(TEST_HOST)";
				CODE_SIGN_STYLE = Automatic;
				INFOPLIST_FILE = MultipleCollectionViewOnSingleXibTests/Info.plist;
				LD_RUNPATH_SEARCH_PATHS = (
					"$(inherited)",
					"@executable_path/Frameworks",
					"@loader_path/Frameworks",
				);
				PRODUCT_BUNDLE_IDENTIFIER = test.MultipleCollectionViewOnSingleXibTests;
				PRODUCT_NAME = "$(TARGET_NAME)";
				SWIFT_VERSION = 4.2;
				TARGETED_DEVICE_FAMILY = "1,2";
				TEST_HOST = "$(BUILT_PRODUCTS_DIR)/MultipleCollectionViewOnSingleXib.app/MultipleCollectionViewOnSingleXib";
			};
			name = Release;
		};
		0022431E25E526000023C76C /* Debug */ = {
			isa = XCBuildConfiguration;
			buildSettings = {
				ALWAYS_EMBED_SWIFT_STANDARD_LIBRARIES = YES;
				CODE_SIGN_STYLE = Automatic;
				INFOPLIST_FILE = MultipleCollectionViewOnSingleXibUITests/Info.plist;
				LD_RUNPATH_SEARCH_PATHS = (
					"$(inherited)",
					"@executable_path/Frameworks",
					"@loader_path/Frameworks",
				);
				PRODUCT_BUNDLE_IDENTIFIER = test.MultipleCollectionViewOnSingleXibUITests;
				PRODUCT_NAME = "$(TARGET_NAME)";
				SWIFT_VERSION = 4.2;
				TARGETED_DEVICE_FAMILY = "1,2";
				TEST_TARGET_NAME = MultipleCollectionViewOnSingleXib;
			};
			name = Debug;
		};
		0022431F25E526000023C76C /* Release */ = {
			isa = XCBuildConfiguration;
			buildSettings = {
				ALWAYS_EMBED_SWIFT_STANDARD_LIBRARIES = YES;
				CODE_SIGN_STYLE = Automatic;
				INFOPLIST_FILE = MultipleCollectionViewOnSingleXibUITests/Info.plist;
				LD_RUNPATH_SEARCH_PATHS = (
					"$(inherited)",
					"@executable_path/Frameworks",
					"@loader_path/Frameworks",
				);
				PRODUCT_BUNDLE_IDENTIFIER = test.MultipleCollectionViewOnSingleXibUITests;
				PRODUCT_NAME = "$(TARGET_NAME)";
				SWIFT_VERSION = 4.2;
				TARGETED_DEVICE_FAMILY = "1,2";
				TEST_TARGET_NAME = MultipleCollectionViewOnSingleXib;
			};
			name = Release;
		};
/* End XCBuildConfiguration section */

/* Begin XCConfigurationList section */
		002242EA25E525F30023C76C /* Build configuration list for PBXProject "MultipleCollectionViewOnSingleXib" */ = {
			isa = XCConfigurationList;
			buildConfigurations = (
				0022431525E526000023C76C /* Debug */,
				0022431625E526000023C76C /* Release */,
			);
			defaultConfigurationIsVisible = 0;
			defaultConfigurationName = Release;
		};
		0022431725E526000023C76C /* Build configuration list for PBXNativeTarget "MultipleCollectionViewOnSingleXib" */ = {
			isa = XCConfigurationList;
			buildConfigurations = (
				0022431825E526000023C76C /* Debug */,
				0022431925E526000023C76C /* Release */,
			);
			defaultConfigurationIsVisible = 0;
			defaultConfigurationName = Release;
		};
		0022431A25E526000023C76C /* Build configuration list for PBXNativeTarget "MultipleCollectionViewOnSingleXibTests" */ = {
			isa = XCConfigurationList;
			buildConfigurations = (
				0022431B25E526000023C76C /* Debug */,
				0022431C25E526000023C76C /* Release */,
			);
			defaultConfigurationIsVisible = 0;
			defaultConfigurationName = Release;
		};
		0022431D25E526000023C76C /* Build configuration list for PBXNativeTarget "MultipleCollectionViewOnSingleXibUITests" */ = {
			isa = XCConfigurationList;
			buildConfigurations = (
				0022431E25E526000023C76C /* Debug */,
				0022431F25E526000023C76C /* Release */,
			);
			defaultConfigurationIsVisible = 0;
			defaultConfigurationName = Release;
		};
/* End XCConfigurationList section */
	};
	rootObject = 002242E725E525F30023C76C /* Project object */;
}
